
Microsoft Visual Studio Solution File, Format Version 12.00
# Visual Studio Version 16
VisualStudioVersion = 16.0.29025.244
MinimumVisualStudioVersion = 10.0.40219.1
Project("{FAE04EC0-301F-11D3-BF4B-00C04F79EFBC}") = "elo-class", "elo-class\elo-class.csproj", "{DC00A73A-9E1B-4CC9-AFC6-A835E193070C}"
EndProject
Global
	GlobalSection(SolutionConfigurationPlatforms) = preSolution
		Debug|Any CPU = Debug|Any CPU
		Release|Any CPU = Release|Any CPU
	EndGlobalSection
	GlobalSection(ProjectConfigurationPlatforms) = postSolution
		{DC00A73A-9E1B-4CC9-AFC6-A835E193070C}.Debug|Any CPU.ActiveCfg = Debug|Any CPU
		{DC00A73A-9E1B-4CC9-AFC6-A835E193070C}.Debug|Any CPU.Build.0 = Debug|Any CPU
		{DC00A73A-9E1B-4CC9-AFC6-A835E193070C}.Release|Any CPU.ActiveCfg = Release|Any CPU
		{DC00A73A-9E1B-4CC9-AFC6-A835E193070C}.Release|Any CPU.Build.0 = Release|Any CPU
	EndGlobalSection
	GlobalSection(SolutionProperties) = preSolution
		HideSolutionNode = FALSE
	EndGlobalSection
	GlobalSection(ExtensibilityGlobals) = postSolution
		SolutionGuid = {87FB8EB8-9209-4041-9A1E-3A293440189C}
	EndGlobalSection
EndGlobal
